
Microsoft Visual Studio Solution File, Format Version 12.00
Project("{FAE04EC0-301F-11D3-BF4B-00C04F79EFBC}") = "CandyGame", "CandyGame\CandyGame.csproj", "{573A904D-3458-4F44-AEDF-CA7A91C821CC}"
EndProject
Global
	GlobalSection(SolutionConfigurationPlatforms) = preSolution
		Debug|Any CPU = Debug|Any CPU
		Release|Any CPU = Release|Any CPU
	EndGlobalSection
	GlobalSection(ProjectConfigurationPlatforms) = postSolution
		{573A904D-3458-4F44-AEDF-CA7A91C821CC}.Debug|Any CPU.ActiveCfg = Debug|Any CPU
		{573A904D-3458-4F44-AEDF-CA7A91C821CC}.Debug|Any CPU.Build.0 = Debug|Any CPU
		{573A904D-3458-4F44-AEDF-CA7A91C821CC}.Release|Any CPU.ActiveCfg = Release|Any CPU
		{573A904D-3458-4F44-AEDF-CA7A91C821CC}.Release|Any CPU.Build.0 = Release|Any CPU
	EndGlobalSection
EndGlobal
